
Microsoft Visual Studio Solution File, Format Version 12.00
# Visual Studio Version 17
VisualStudioVersion = 17.11.35208.52
MinimumVisualStudioVersion = 10.0.40219.1
Project("{FAE04EC0-301F-11D3-BF4B-00C04F79EFBC}") = "MovieTicketManagementSystem", "MovieTicketManagementSystem\MovieTicketManagementSystem.csproj", "{A22D8315-F132-42A1-BB26-F01B81076057}"
EndProject
Global
	GlobalSection(SolutionConfigurationPlatforms) = preSolution
		Debug|Any CPU = Debug|Any CPU
		Release|Any CPU = Release|Any CPU
	EndGlobalSection
	GlobalSection(ProjectConfigurationPlatforms) = postSolution
		{A22D8315-F132-42A1-BB26-F01B81076057}.Debug|Any CPU.ActiveCfg = Debug|Any CPU
		{A22D8315-F132-42A1-BB26-F01B81076057}.Debug|Any CPU.Build.0 = Debug|Any CPU
		{A22D8315-F132-42A1-BB26-F01B81076057}.Release|Any CPU.ActiveCfg = Release|Any CPU
		{A22D8315-F132-42A1-BB26-F01B81076057}.Release|Any CPU.Build.0 = Release|Any CPU
	EndGlobalSection
	GlobalSection(SolutionProperties) = preSolution
		HideSolutionNode = FALSE
	EndGlobalSection
	GlobalSection(ExtensibilityGlobals) = postSolution
		SolutionGuid = {1001F668-D365-4ADD-86A0-2178B961F8D4}
	EndGlobalSection
EndGlobal
